
Microsoft Visual Studio Solution File, Format Version 12.00
# Visual Studio Version 16
VisualStudioVersion = 16.0.30114.105
MinimumVisualStudioVersion = 10.0.40219.1
Project("{9A19103F-16F7-4668-BE54-9A1E7A4F7556}") = "SnippetGUI", "SnippetGUI\SnippetGUI.csproj", "{236646E4-FACF-4DAE-B33D-32993E82BB3C}"
EndProject
Project("{FAE04EC0-301F-11D3-BF4B-00C04F79EFBC}") = "SnippetGUITests", "SnippetGUITests\SnippetGUITests.csproj", "{51D2619A-AF42-4A31-8E8C-E6420D7FA73C}"
EndProject
Global
	GlobalSection(SolutionConfigurationPlatforms) = preSolution
		Debug|Any CPU = Debug|Any CPU
		Release|Any CPU = Release|Any CPU
	EndGlobalSection
	GlobalSection(ProjectConfigurationPlatforms) = postSolution
		{236646E4-FACF-4DAE-B33D-32993E82BB3C}.Debug|Any CPU.ActiveCfg = Debug|Any CPU
		{236646E4-FACF-4DAE-B33D-32993E82BB3C}.Debug|Any CPU.Build.0 = Debug|Any CPU
		{236646E4-FACF-4DAE-B33D-32993E82BB3C}.Release|Any CPU.ActiveCfg = Release|Any CPU
		{236646E4-FACF-4DAE-B33D-32993E82BB3C}.Release|Any CPU.Build.0 = Release|Any CPU
		{51D2619A-AF42-4A31-8E8C-E6420D7FA73C}.Debug|Any CPU.ActiveCfg = Debug|Any CPU
		{51D2619A-AF42-4A31-8E8C-E6420D7FA73C}.Debug|Any CPU.Build.0 = Debug|Any CPU
		{51D2619A-AF42-4A31-8E8C-E6420D7FA73C}.Release|Any CPU.ActiveCfg = Release|Any CPU
		{51D2619A-AF42-4A31-8E8C-E6420D7FA73C}.Release|Any CPU.Build.0 = Release|Any CPU
	EndGlobalSection
	GlobalSection(SolutionProperties) = preSolution
		HideSolutionNode = FALSE
	EndGlobalSection
	GlobalSection(ExtensibilityGlobals) = postSolution
		SolutionGuid = {B0A47824-BAE1-425C-94E8-5E0A18B3EE86}
	EndGlobalSection
EndGlobal
